{
  "name": "gatling-maven-plugin-demo-java",
  "lockfileVersion": 3,
  "requires": true,
  "packages": {
    "": {
      "dependencies": {
        "gatling": "^2.0.0"
      }
    },
    "node_modules/gatling": {
      "version": "2.0.0",
      "resolved": "https://registry.npmjs.org/gatling/-/gatling-2.0.0.tgz",
      "integrity": "sha512-dHB5CqZI/sPlnPYxNySp1zid3APmAZOYqYHionen4mfBuW9Fp6zPBuvl+aBCTLb90yvHVD7qmEA18kHsG595ww==",
      "dependencies": {
        "optimist": "^0.5.2"
      },
      "bin": {
        "gatling": "gatling.js"
      },
      "engines": {
        "node": ">=6"
      }
    },
    "node_modules/optimist": {
      "version": "0.5.2",
      "resolved": "https://registry.npmjs.org/optimist/-/optimist-0.5.2.tgz",
      "integrity": "sha512-r9M8ZpnM9SXV5Wii7TCqienfcaY3tAiJe9Jchof87icbmbruKgK0xKXngmrnowTDnEawmmI1Qbha59JEoBkBGA==",
      "dependencies": {
        "wordwrap": "~0.0.2"
      }
    },
    "node_modules/wordwrap": {
      "version": "0.0.3",
      "resolved": "https://registry.npmjs.org/wordwrap/-/wordwrap-0.0.3.tgz",
      "integrity": "sha512-1tMA907+V4QmxV7dbRvb4/8MaRALK6q9Abid3ndMYnbyo8piisCmeONVqVSXqQA3KaP4SLt5b7ud6E2sqP8TFw==",
      "engines": {
        "node": ">=0.4.0"
      }
    }
  }
}
